// !$*UTF8*$!
{
	archiveVersion = 1;
	classes = {
	};
	objectVersion = 55;
	objects = {

/* Begin PBXBuildFile section */
		60ACCAB426B5D30C00634CC6 /* AppDelegate.swift in Sources */ = {isa = PBXBuildFile; fileRef = 60ACCAB326B5D30C00634CC6 /* AppDelegate.swift */; };
		60ACCAB626B5D30C00634CC6 /* SceneDelegate.swift in Sources */ = {isa = PBXBuildFile; fileRef = 60ACCAB526B5D30C00634CC6 /* SceneDelegate.swift */; };
		60ACCAB826B5D30C00634CC6 /* ViewController.swift in Sources */ = {isa = PBXBuildFile; fileRef = 60ACCAB726B5D30C00634CC6 /* ViewController.swift */; };
		60ACCABB26B5D30C00634CC6 /* Main.storyboard in Resources */ = {isa = PBXBuildFile; fileRef = 60ACCAB926B5D30C00634CC6 /* Main.storyboard */; };
		60ACCABD26B5D30D00634CC6 /* Assets.xcassets in Resources */ = {isa = PBXBuildFile; fileRef = 60ACCABC26B5D30D00634CC6 /* Assets.xcassets */; };
		60ACCAC026B5D30D00634CC6 /* LaunchScreen.storyboard in Resources */ = {isa = PBXBuildFile; fileRef = 60ACCABE26B5D30D00634CC6 /* LaunchScreen.storyboard */; };
		60ACCACB26B5D30D00634CC6 /* AssertYourselfTests.swift in Sources */ = {isa = PBXBuildFile; fileRef = 60ACCACA26B5D30D00634CC6 /* AssertYourselfTests.swift */; };
/* End PBXBuildFile section */

/* Begin PBXContainerItemProxy section */
		60ACCAC726B5D30D00634CC6 /* PBXContainerItemProxy */ = {
			isa = PBXContainerItemProxy;
			containerPortal = 60ACCAA826B5D30C00634CC6 /* Project object */;
			proxyType = 1;
			remoteGlobalIDString = 60ACCAAF26B5D30C00634CC6;
			remoteInfo = AssertYourself;
		};
/* End PBXContainerItemProxy section */

/* Begin PBXFileReference section */
		60ACCAB026B5D30C00634CC6 /* AssertYourself.app */ = {isa = PBXFileReference; explicitFileType = wrapper.application; includeInIndex = 0; path = AssertYourself.app; sourceTree = BUILT_PRODUCTS_DIR; };
		60ACCAB326B5D30C00634CC6 /* AppDelegate.swift */ = {isa = PBXFileReference; lastKnownFileType = sourcecode.swift; path = AppDelegate.swift; sourceTree = "<group>"; };
		60ACCAB526B5D30C00634CC6 /* SceneDelegate.swift */ = {isa = PBXFileReference; lastKnownFileType = sourcecode.swift; path = SceneDelegate.swift; sourceTree = "<group>"; };
		60ACCAB726B5D30C00634CC6 /* ViewController.swift */ = {isa = PBXFileReference; lastKnownFileType = sourcecode.swift; path = ViewController.swift; sourceTree = "<group>"; };
		60ACCABA26B5D30C00634CC6 /* Base */ = {isa = PBXFileReference; lastKnownFileType = file.storyboard; name = Base; path = Base.lproj/Main.storyboard; sourceTree = "<group>"; };
		60ACCABC26B5D30D00634CC6 /* Assets.xcassets */ = {isa = PBXFileReference; lastKnownFileType = folder.assetcatalog; path = Assets.xcassets; sourceTree = "<group>"; };
		60ACCABF26B5D30D00634CC6 /* Base */ = {isa = PBXFileReference; lastKnownFileType = file.storyboard; name = Base; path = Base.lproj/LaunchScreen.storyboard; sourceTree = "<group>"; };
		60ACCAC126B5D30D00634CC6 /* Info.plist */ = {isa = PBXFileReference; lastKnownFileType = text.plist.xml; path = Info.plist; sourceTree = "<group>"; };
		60ACCAC626B5D30D00634CC6 /* AssertYourselfTests.xctest */ = {isa = PBXFileReference; explicitFileType = wrapper.cfbundle; includeInIndex = 0; path = AssertYourselfTests.xctest; sourceTree = BUILT_PRODUCTS_DIR; };
		60ACCACA26B5D30D00634CC6 /* AssertYourselfTests.swift */ = {isa = PBXFileReference; lastKnownFileType = sourcecode.swift; path = AssertYourselfTests.swift; sourceTree = "<group>"; };
/* End PBXFileReference section */

/* Begin PBXFrameworksBuildPhase section */
		60ACCAAD26B5D30C00634CC6 /* Frameworks */ = {
			isa = PBXFrameworksBuildPhase;
			buildActionMask = 2147483647;
			files = (
			);
			runOnlyForDeploymentPostprocessing = 0;
		};
		60ACCAC326B5D30D00634CC6 /* Frameworks */ = {
			isa = PBXFrameworksBuildPhase;
			buildActionMask = 2147483647;
			files = (
			);
			runOnlyForDeploymentPostprocessing = 0;
		};
/* End PBXFrameworksBuildPhase section */

/* Begin PBXGroup section */
		60ACCAA726B5D30C00634CC6 = {
			isa = PBXGroup;
			children = (
				60ACCAB226B5D30C00634CC6 /* AssertYourself */,
				60ACCAC926B5D30D00634CC6 /* AssertYourselfTests */,
				60ACCAB126B5D30C00634CC6 /* Products */,
			);
			sourceTree = "<group>";
		};
		60ACCAB126B5D30C00634CC6 /* Products */ = {
			isa = PBXGroup;
			children = (
				60ACCAB026B5D30C00634CC6 /* AssertYourself.app */,
				60ACCAC626B5D30D00634CC6 /* AssertYourselfTests.xctest */,
			);
			name = Products;
			sourceTree = "<group>";
		};
		60ACCAB226B5D30C00634CC6 /* AssertYourself */ = {
			isa = PBXGroup;
			children = (
				60ACCAB326B5D30C00634CC6 /* AppDelegate.swift */,
				60ACCAB526B5D30C00634CC6 /* SceneDelegate.swift */,
				60ACCAB726B5D30C00634CC6 /* ViewController.swift */,
				60ACCAB926B5D30C00634CC6 /* Main.storyboard */,
				60ACCABC26B5D30D00634CC6 /* Assets.xcassets */,
				60ACCABE26B5D30D00634CC6 /* LaunchScreen.storyboard */,
				60ACCAC126B5D30D00634CC6 /* Info.plist */,
			);
			path = AssertYourself;
			sourceTree = "<group>";
		};
		60ACCAC926B5D30D00634CC6 /* AssertYourselfTests */ = {
			isa = PBXGroup;
			children = (
				60ACCACA26B5D30D00634CC6 /* AssertYourselfTests.swift */,
			);
			path = AssertYourselfTests;
			sourceTree = "<group>";
		};
/* End PBXGroup section */

/* Begin PBXNativeTarget section */
		60ACCAAF26B5D30C00634CC6 /* AssertYourself */ = {
			isa = PBXNativeTarget;
			buildConfigurationList = 60ACCAD826B5D30D00634CC6 /* Build configuration list for PBXNativeTarget "AssertYourself" */;
			buildPhases = (
				60ACCAAC26B5D30C00634CC6 /* Sources */,
				60ACCAAD26B5D30C00634CC6 /* Frameworks */,
				60ACCAAE26B5D30C00634CC6 /* Resources */,
			);
			buildRules = (
			);
			dependencies = (
			);
			name = AssertYourself;
			productName = AssertYourself;
			productReference = 60ACCAB026B5D30C00634CC6 /* AssertYourself.app */;
			productType = "com.apple.product-type.application";
		};
		60ACCAC526B5D30D00634CC6 /* AssertYourselfTests */ = {
			isa = PBXNativeTarget;
			buildConfigurationList = 60ACCADB26B5D30D00634CC6 /* Build configuration list for PBXNativeTarget "AssertYourselfTests" */;
			buildPhases = (
				60ACCAC226B5D30D00634CC6 /* Sources */,
				60ACCAC326B5D30D00634CC6 /* Frameworks */,
				60ACCAC426B5D30D00634CC6 /* Resources */,
			);
			buildRules = (
			);
			dependencies = (
				60ACCAC826B5D30D00634CC6 /* PBXTargetDependency */,
			);
			name = AssertYourselfTests;
			productName = AssertYourselfTests;
			productReference = 60ACCAC626B5D30D00634CC6 /* AssertYourselfTests.xctest */;
			productType = "com.apple.product-type.bundle.unit-test";
		};
/* End PBXNativeTarget section */

/* Begin PBXProject section */
		60ACCAA826B5D30C00634CC6 /* Project object */ = {
			isa = PBXProject;
			attributes = {
				BuildIndependentTargetsInParallel = 1;
				LastSwiftUpdateCheck = 1300;
				LastUpgradeCheck = 1300;
				TargetAttributes = {
					60ACCAAF26B5D30C00634CC6 = {
						CreatedOnToolsVersion = 13.0;
					};
					60ACCAC526B5D30D00634CC6 = {
						CreatedOnToolsVersion = 13.0;
						TestTargetID = 60ACCAAF26B5D30C00634CC6;
					};
				};
			};
			buildConfigurationList = 60ACCAAB26B5D30C00634CC6 /* Build configuration list for PBXProject "AssertYourself" */;
			compatibilityVersion = "Xcode 13.0";
			developmentRegion = en;
			hasScannedForEncodings = 0;
			knownRegions = (
				en,
				Base,
			);
			mainGroup = 60ACCAA726B5D30C00634CC6;
			productRefGroup = 60ACCAB126B5D30C00634CC6 /* Products */;
			projectDirPath = "";
			projectRoot = "";
			targets = (
				60ACCAAF26B5D30C00634CC6 /* AssertYourself */,
				60ACCAC526B5D30D00634CC6 /* AssertYourselfTests */,
			);
		};
/* End PBXProject section */

/* Begin PBXResourcesBuildPhase section */
		60ACCAAE26B5D30C00634CC6 /* Resources */ = {
			isa = PBXResourcesBuildPhase;
			buildActionMask = 2147483647;
			files = (
				60ACCAC026B5D30D00634CC6 /* LaunchScreen.storyboard in Resources */,
				60ACCABD26B5D30D00634CC6 /* Assets.xcassets in Resources */,
				60ACCABB26B5D30C00634CC6 /* Main.storyboard in Resources */,
			);
			runOnlyForDeploymentPostprocessing = 0;
		};
		60ACCAC426B5D30D00634CC6 /* Resources */ = {
			isa = PBXResourcesBuildPhase;
			buildActionMask = 2147483647;
			files = (
			);
			runOnlyForDeploymentPostprocessing = 0;
		};
/* End PBXResourcesBuildPhase section */

/* Begin PBXSourcesBuildPhase section */
		60ACCAAC26B5D30C00634CC6 /* Sources */ = {
			isa = PBXSourcesBuildPhase;
			buildActionMask = 2147483647;
			files = (
				60ACCAB826B5D30C00634CC6 /* ViewController.swift in Sources */,
				60ACCAB426B5D30C00634CC6 /* AppDelegate.swift in Sources */,
				60ACCAB626B5D30C00634CC6 /* SceneDelegate.swift in Sources */,
			);
			runOnlyForDeploymentPostprocessing = 0;
		};
		60ACCAC226B5D30D00634CC6 /* Sources */ = {
			isa = PBXSourcesBuildPhase;
			buildActionMask = 2147483647;
			files = (
				60ACCACB26B5D30D00634CC6 /* AssertYourselfTests.swift in Sources */,
			);
			runOnlyForDeploymentPostprocessing = 0;
		};
/* End PBXSourcesBuildPhase section */

/* Begin PBXTargetDependency section */
		60ACCAC826B5D30D00634CC6 /* PBXTargetDependency */ = {
			isa = PBXTargetDependency;
			target = 60ACCAAF26B5D30C00634CC6 /* AssertYourself */;
			targetProxy = 60ACCAC726B5D30D00634CC6 /* PBXContainerItemProxy */;
		};
/* End PBXTargetDependency section */

/* Begin PBXVariantGroup section */
		60ACCAB926B5D30C00634CC6 /* Main.storyboard */ = {
			isa = PBXVariantGroup;
			children = (
				60ACCABA26B5D30C00634CC6 /* Base */,
			);
			name = Main.storyboard;
			sourceTree = "<group>";
		};
		60ACCABE26B5D30D00634CC6 /* LaunchScreen.storyboard */ = {
			isa = PBXVariantGroup;
			children = (
				60ACCABF26B5D30D00634CC6 /* Base */,
			);
			name = LaunchScreen.storyboard;
			sourceTree = "<group>";
		};
/* End PBXVariantGroup section */

/* Begin XCBuildConfiguration section */
		60ACCAD626B5D30D00634CC6 /* Debug */ = {
			isa = XCBuildConfiguration;
			buildSettings = {
				ALWAYS_SEARCH_USER_PATHS = NO;
				CLANG_ANALYZER_NONNULL = YES;
				CLANG_ANALYZER_NUMBER_OBJECT_CONVERSION = YES_AGGRESSIVE;
				CLANG_CXX_LANGUAGE_STANDARD = "gnu++17";
				CLANG_CXX_LIBRARY = "libc++";
				CLANG_ENABLE_MODULES = YES;
				CLANG_ENABLE_OBJC_ARC = YES;
				CLANG_ENABLE_OBJC_WEAK = YES;
				CLANG_WARN_BLOCK_CAPTURE_AUTORELEASING = YES;
				CLANG_WARN_BOOL_CONVERSION = YES;
				CLANG_WARN_COMMA = YES;
				CLANG_WARN_CONSTANT_CONVERSION = YES;
				CLANG_WARN_DEPRECATED_OBJC_IMPLEMENTATIONS = YES;
				CLANG_WARN_DIRECT_OBJC_ISA_USAGE = YES_ERROR;
				CLANG_WARN_DOCUMENTATION_COMMENTS = YES;
				CLANG_WARN_EMPTY_BODY = YES;
				CLANG_WARN_ENUM_CONVERSION = YES;
				CLANG_WARN_INFINITE_RECURSION = YES;
				CLANG_WARN_INT_CONVERSION = YES;
				CLANG_WARN_NON_LITERAL_NULL_CONVERSION = YES;
				CLANG_WARN_OBJC_IMPLICIT_RETAIN_SELF = YES;
				CLANG_WARN_OBJC_LITERAL_CONVERSION = YES;
				CLANG_WARN_OBJC_ROOT_CLASS = YES_ERROR;
				CLANG_WARN_QUOTED_INCLUDE_IN_FRAMEWORK_HEADER = YES;
				CLANG_WARN_RANGE_LOOP_ANALYSIS = YES;
				CLANG_WARN_STRICT_PROTOTYPES = YES;
				CLANG_WARN_SUSPICIOUS_MOVE = YES;
				CLANG_WARN_UNGUARDED_AVAILABILITY = YES_AGGRESSIVE;
				CLANG_WARN_UNREACHABLE_CODE = YES;
				CLANG_WARN__DUPLICATE_METHOD_MATCH = YES;
				COPY_PHASE_STRIP = NO;
				DEBUG_INFORMATION_FORMAT = dwarf;
				ENABLE_STRICT_OBJC_MSGSEND = YES;
				ENABLE_TESTABILITY = YES;
				GCC_C_LANGUAGE_STANDARD = gnu11;
				GCC_DYNAMIC_NO_PIC = NO;
				GCC_NO_COMMON_BLOCKS = YES;
				GCC_OPTIMIZATION_LEVEL = 0;
				GCC_PREPROCESSOR_DEFINITIONS = (
					"DEBUG=1",
					"$(inherited)",
				);
				GCC_WARN_64_TO_32_BIT_CONVERSION = YES;
				GCC_WARN_ABOUT_RETURN_TYPE = YES_ERROR;
				GCC_WARN_UNDECLARED_SELECTOR = YES;
				GCC_WARN_UNINITIALIZED_AUTOS = YES_AGGRESSIVE;
				GCC_WARN_UNUSED_FUNCTION = YES;
				GCC_WARN_UNUSED_VARIABLE = YES;
				IPHONEOS_DEPLOYMENT_TARGET = 15.0;
				MTL_ENABLE_DEBUG_INFO = INCLUDE_SOURCE;
				MTL_FAST_MATH = YES;
				ONLY_ACTIVE_ARCH = YES;
				SDKROOT = iphoneos;
				SWIFT_ACTIVE_COMPILATION_CONDITIONS = DEBUG;
				SWIFT_OPTIMIZATION_LEVEL = "-Onone";
			};
			name = Debug;
		};
		60ACCAD726B5D30D00634CC6 /* Release */ = {
			isa = XCBuildConfiguration;
			buildSettings = {
				ALWAYS_SEARCH_USER_PATHS = NO;
				CLANG_ANALYZER_NONNULL = YES;
				CLANG_ANALYZER_NUMBER_OBJECT_CONVERSION = YES_AGGRESSIVE;
				CLANG_CXX_LANGUAGE_STANDARD = "gnu++17";
				CLANG_CXX_LIBRARY = "libc++";
				CLANG_ENABLE_MODULES = YES;
				CLANG_ENABLE_OBJC_ARC = YES;
				CLANG_ENABLE_OBJC_WEAK = YES;
				CLANG_WARN_BLOCK_CAPTURE_AUTORELEASING = YES;
				CLANG_WARN_BOOL_CONVERSION = YES;
				CLANG_WARN_COMMA = YES;
				CLANG_WARN_CONSTANT_CONVERSION = YES;
				CLANG_WARN_DEPRECATED_OBJC_IMPLEMENTATIONS = YES;
				CLANG_WARN_DIRECT_OBJC_ISA_USAGE = YES_ERROR;
				CLANG_WARN_DOCUMENTATION_COMMENTS = YES;
				CLANG_WARN_EMPTY_BODY = YES;
				CLANG_WARN_ENUM_CONVERSION = YES;
				CLANG_WARN_INFINITE_RECURSION = YES;
				CLANG_WARN_INT_CONVERSION = YES;
				CLANG_WARN_NON_LITERAL_NULL_CONVERSION = YES;
				CLANG_WARN_OBJC_IMPLICIT_RETAIN_SELF = YES;
				CLANG_WARN_OBJC_LITERAL_CONVERSION = YES;
				CLANG_WARN_OBJC_ROOT_CLASS = YES_ERROR;
				CLANG_WARN_QUOTED_INCLUDE_IN_FRAMEWORK_HEADER = YES;
				CLANG_WARN_RANGE_LOOP_ANALYSIS = YES;
				CLANG_WARN_STRICT_PROTOTYPES = YES;
				CLANG_WARN_SUSPICIOUS_MOVE = YES;
				CLANG_WARN_UNGUARDED_AVAILABILITY = YES_AGGRESSIVE;
				CLANG_WARN_UNREACHABLE_CODE = YES;
				CLANG_WARN__DUPLICATE_METHOD_MATCH = YES;
				COPY_PHASE_STRIP = NO;
				DEBUG_INFORMATION_FORMAT = "dwarf-with-dsym";
				ENABLE_NS_ASSERTIONS = NO;
				ENABLE_STRICT_OBJC_MSGSEND = YES;
				GCC_C_LANGUAGE_STANDARD = gnu11;
				GCC_NO_COMMON_BLOCKS = YES;
				GCC_WARN_64_TO_32_BIT_CONVERSION = YES;
				GCC_WARN_ABOUT_RETURN_TYPE = YES_ERROR;
				GCC_WARN_UNDECLARED_SELECTOR = YES;
				GCC_WARN_UNINITIALIZED_AUTOS = YES_AGGRESSIVE;
				GCC_WARN_UNUSED_FUNCTION = YES;
				GCC_WARN_UNUSED_VARIABLE = YES;
				IPHONEOS_DEPLOYMENT_TARGET = 15.0;
				MTL_ENABLE_DEBUG_INFO = NO;
				MTL_FAST_MATH = YES;
				SDKROOT = iphoneos;
				SWIFT_COMPILATION_MODE = wholemodule;
				SWIFT_OPTIMIZATION_LEVEL = "-O";
				VALIDATE_PRODUCT = YES;
			};
			name = Release;
		};
		60ACCAD926B5D30D00634CC6 /* Debug */ = {
			isa = XCBuildConfiguration;
			buildSettings = {
				ASSETCATALOG_COMPILER_APPICON_NAME = AppIcon;
				ASSETCATALOG_COMPILER_GLOBAL_ACCENT_COLOR_NAME = AccentColor;
				CODE_SIGN_STYLE = Automatic;
				CURRENT_PROJECT_VERSION = 1;
				DEVELOPMENT_TEAM = 3C9P7PTK6N;
				GENERATE_INFOPLIST_FILE = YES;
				INFOPLIST_FILE = AssertYourself/Info.plist;
				INFOPLIST_KEY_UIApplicationSupportsIndirectInputEvents = YES;
				INFOPLIST_KEY_UILaunchStoryboardName = LaunchScreen;
				INFOPLIST_KEY_UIMainStoryboardFile = Main;
				INFOPLIST_KEY_UISupportedInterfaceOrientations_iPad = "UIInterfaceOrientationPortrait UIInterfaceOrientationPortraitUpsideDown UIInterfaceOrientationLandscapeLeft UIInterfaceOrientationLandscapeRight";
				INFOPLIST_KEY_UISupportedInterfaceOrientations_iPhone = "UIInterfaceOrientationPortrait UIInterfaceOrientationLandscapeLeft UIInterfaceOrientationLandscapeRight";
				LD_RUNPATH_SEARCH_PATHS = (
					"$(inherited)",
					"@executable_path/Frameworks",
				);
				MARKETING_VERSION = 1.0;
				PRODUCT_BUNDLE_IDENTIFIER = com.jeremyfleshman.AssertYourself;
				PRODUCT_NAME = "$(TARGET_NAME)";
				SWIFT_EMIT_LOC_STRINGS = YES;
				SWIFT_VERSION = 5.0;
				TARGETED_DEVICE_FAMILY = "1,2";
			};
			name = Debug;
		};
		60ACCADA26B5D30D00634CC6 /* Release */ = {
			isa = XCBuildConfiguration;
			buildSettings = {
				ASSETCATALOG_COMPILER_APPICON_NAME = AppIcon;
				ASSETCATALOG_COMPILER_GLOBAL_ACCENT_COLOR_NAME = AccentColor;
				CODE_SIGN_STYLE = Automatic;
				CURRENT_PROJECT_VERSION = 1;
				DEVELOPMENT_TEAM = 3C9P7PTK6N;
				GENERATE_INFOPLIST_FILE = YES;
				INFOPLIST_FILE = AssertYourself/Info.plist;
				INFOPLIST_KEY_UIApplicationSupportsIndirectInputEvents = YES;
				INFOPLIST_KEY_UILaunchStoryboardName = LaunchScreen;
				INFOPLIST_KEY_UIMainStoryboardFile = Main;
				INFOPLIST_KEY_UISupportedInterfaceOrientations_iPad = "UIInterfaceOrientationPortrait UIInterfaceOrientationPortraitUpsideDown UIInterfaceOrientationLandscapeLeft UIInterfaceOrientationLandscapeRight";
				INFOPLIST_KEY_UISupportedInterfaceOrientations_iPhone = "UIInterfaceOrientationPortrait UIInterfaceOrientationLandscapeLeft UIInterfaceOrientationLandscapeRight";
				LD_RUNPATH_SEARCH_PATHS = (
					"$(inherited)",
					"@executable_path/Frameworks",
				);
				MARKETING_VERSION = 1.0;
				PRODUCT_BUNDLE_IDENTIFIER = com.jeremyfleshman.AssertYourself;
				PRODUCT_NAME = "$(TARGET_NAME)";
				SWIFT_EMIT_LOC_STRINGS = YES;
				SWIFT_VERSION = 5.0;
				TARGETED_DEVICE_FAMILY = "1,2";
			};
			name = Release;
		};
		60ACCADC26B5D30D00634CC6 /* Debug */ = {
			isa = XCBuildConfiguration;
			buildSettings = {
				ALWAYS_EMBED_SWIFT_STANDARD_LIBRARIES = YES;
				BUNDLE_LOADER = "$(TEST_HOST)";
				CODE_SIGN_STYLE = Automatic;
				CURRENT_PROJECT_VERSION = 1;
				DEVELOPMENT_TEAM = 3C9P7PTK6N;
				GENERATE_INFOPLIST_FILE = YES;
				IPHONEOS_DEPLOYMENT_TARGET = 15.0;
				LD_RUNPATH_SEARCH_PATHS = (
					"$(inherited)",
					"@executable_path/Frameworks",
					"@loader_path/Frameworks",
				);
				MARKETING_VERSION = 1.0;
				PRODUCT_BUNDLE_IDENTIFIER = com.jeremyfleshman.AssertYourselfTests;
				PRODUCT_NAME = "$(TARGET_NAME)";
				SWIFT_EMIT_LOC_STRINGS = NO;
				SWIFT_VERSION = 5.0;
				TARGETED_DEVICE_FAMILY = "1,2";
				TEST_HOST = "$(BUILT_PRODUCTS_DIR)/AssertYourself.app/AssertYourself";
			};
			name = Debug;
		};
		60ACCADD26B5D30D00634CC6 /* Release */ = {
			isa = XCBuildConfiguration;
			buildSettings = {
				ALWAYS_EMBED_SWIFT_STANDARD_LIBRARIES = YES;
				BUNDLE_LOADER = "$(TEST_HOST)";
				CODE_SIGN_STYLE = Automatic;
				CURRENT_PROJECT_VERSION = 1;
				DEVELOPMENT_TEAM = 3C9P7PTK6N;
				GENERATE_INFOPLIST_FILE = YES;
				IPHONEOS_DEPLOYMENT_TARGET = 15.0;
				LD_RUNPATH_SEARCH_PATHS = (
					"$(inherited)",
					"@executable_path/Frameworks",
					"@loader_path/Frameworks",
				);
				MARKETING_VERSION = 1.0;
				PRODUCT_BUNDLE_IDENTIFIER = com.jeremyfleshman.AssertYourselfTests;
				PRODUCT_NAME = "$(TARGET_NAME)";
				SWIFT_EMIT_LOC_STRINGS = NO;
				SWIFT_VERSION = 5.0;
				TARGETED_DEVICE_FAMILY = "1,2";
				TEST_HOST = "$(BUILT_PRODUCTS_DIR)/AssertYourself.app/AssertYourself";
			};
			name = Release;
		};
/* End XCBuildConfiguration section */

/* Begin XCConfigurationList section */
		60ACCAAB26B5D30C00634CC6 /* Build configuration list for PBXProject "AssertYourself" */ = {
			isa = XCConfigurationList;
			buildConfigurations = (
				60ACCAD626B5D30D00634CC6 /* Debug */,
				60ACCAD726B5D30D00634CC6 /* Release */,
			);
			defaultConfigurationIsVisible = 0;
			defaultConfigurationName = Release;
		};
		60ACCAD826B5D30D00634CC6 /* Build configuration list for PBXNativeTarget "AssertYourself" */ = {
			isa = XCConfigurationList;
			buildConfigurations = (
				60ACCAD926B5D30D00634CC6 /* Debug */,
				60ACCADA26B5D30D00634CC6 /* Release */,
			);
			defaultConfigurationIsVisible = 0;
			defaultConfigurationName = Release;
		};
		60ACCADB26B5D30D00634CC6 /* Build configuration list for PBXNativeTarget "AssertYourselfTests" */ = {
			isa = XCConfigurationList;
			buildConfigurations = (
				60ACCADC26B5D30D00634CC6 /* Debug */,
				60ACCADD26B5D30D00634CC6 /* Release */,
			);
			defaultConfigurationIsVisible = 0;
			defaultConfigurationName = Release;
		};
/* End XCConfigurationList section */
	};
	rootObject = 60ACCAA826B5D30C00634CC6 /* Project object */;
}
